// !$*UTF8*$!
{
	archiveVersion = 1;
	classes = {
	};
	objectVersion = 46;
	objects = {
/* Begin PBXBuildFile section */
		0207DA581B56EA530066E2B4 /* Images.xcassets in Resources */ = {isa = PBXBuildFile; fileRef = 0207DA571B56EA530066E2B4 /* Images.xcassets */; };
		1D3623260D0F684500981E51 /* AppDelegate.m in Sources */ = {isa = PBXBuildFile; fileRef = 1D3623250D0F684500981E51 /* AppDelegate.m */; };
		1D60589B0D05DD56006BFB54 /* main.m in Sources */ = {isa = PBXBuildFile; fileRef = 29B97316FDCFA39411CA2CEA /* main.m */; };
		301BF552109A68D80062928A /* libCordova.a in Frameworks */ = {isa = PBXBuildFile; fileRef = 301BF535109A57CC0062928A /* libCordova.a */; };
		302D95F114D2391D003F00A1 /* MainViewController.m in Sources */ = {isa = PBXBuildFile; fileRef = 302D95EF14D2391D003F00A1 /* MainViewController.m */; };
		302D95F214D2391D003F00A1 /* MainViewController.xib in Resources */ = {isa = PBXBuildFile; fileRef = 302D95F014D2391D003F00A1 /* MainViewController.xib */; };
		3047A5121AB8059700498E2A /* build-debug.xcconfig in Resources */ = {isa = PBXBuildFile; fileRef = 3047A50F1AB8059700498E2A /* build-debug.xcconfig */; };
		3047A5131AB8059700498E2A /* build-release.xcconfig in Resources */ = {isa = PBXBuildFile; fileRef = 3047A5101AB8059700498E2A /* build-release.xcconfig */; };
		3047A5141AB8059700498E2A /* build.xcconfig in Resources */ = {isa = PBXBuildFile; fileRef = 3047A5111AB8059700498E2A /* build.xcconfig */; };
		45775194305D49A985262C03 /* AppDelegate+APPAppEvent.m in Sources */ = {isa = PBXBuildFile; fileRef = 828D105E47B44E33B97DDE0F /* AppDelegate+APPAppEvent.m */; };
		5FFBD2276F424DE591E3DF79 /* CDVPlugin+APPAppEvent.m in Sources */ = {isa = PBXBuildFile; fileRef = B67CA8A3DEE6449CA529A9BD /* CDVPlugin+APPAppEvent.m */; };
		8F4218D3EA3440D98542E662 /* CDVDevice.m in Sources */ = {isa = PBXBuildFile; fileRef = 385548204CF2496A8A72249D /* CDVDevice.m */; };
		5A244D84C86E4E04842F8BF7 /* APPBackgroundMode.m in Sources */ = {isa = PBXBuildFile; fileRef = A75AF3798A4B474EAF416AB4 /* APPBackgroundMode.m */; };
		14FB3AB5BE0F4ED6AE018010 /* appbeep.wav in Resources */ = {isa = PBXBuildFile; fileRef = 9CB41C1334B14843ADB6110B /* appbeep.wav */; };
		D9053F1BAD8C4E188828F9D1 /* CDVLogger.m in Sources */ = {isa = PBXBuildFile; fileRef = BA146319B4794A4E98B7C757 /* CDVLogger.m */; };
		EE972F5792EB4542872C3AE4 /* CDVNotification.m in Sources */ = {isa = PBXBuildFile; fileRef = AFF429012130430EB2E541A9 /* CDVNotification.m */; };
		D012ACD3949642AEA734C237 /* CDVNotification.bundle in Resources */ = {isa = PBXBuildFile; fileRef = 4CF2E0FD70B9417889FBC8F7 /* CDVNotification.bundle */; };
		65355F09EF144DBEA9D02CB3 /* AudioToolbox.framework in Frameworks */ = {isa = PBXBuildFile; fileRef = 3263EFD11F224BFB99BD43EA /* AudioToolbox.framework */; settings = {ATTRIBUTES = (Weak, ); }; };
		4DBB1BEB6E2547CAA5568B0B /* CDVFile.m in Sources */ = {isa = PBXBuildFile; fileRef = E533EEC37FB44CCBB1FE8575 /* CDVFile.m */; };
		34D71C8D87E64F9BA01F6C60 /* CDVLocalFilesystem.m in Sources */ = {isa = PBXBuildFile; fileRef = E5AB47DE20C5491AAD564287 /* CDVLocalFilesystem.m */; };
		A060BF97B8CA44408B54329B /* CDVAssetLibraryFilesystem.m in Sources */ = {isa = PBXBuildFile; fileRef = EFF67863079F46748B7CC8C4 /* CDVAssetLibraryFilesystem.m */; };
		AE4C3CD335F540E69CCB4982 /* CDVFileTransfer.m in Sources */ = {isa = PBXBuildFile; fileRef = 264BD24D87E049009FF30EFE /* CDVFileTransfer.m */; };
		25CEBB2C3F7D48AFA5005837 /* CDVInAppBrowser.m in Sources */ = {isa = PBXBuildFile; fileRef = AD12105805524B908CE3ACE1 /* CDVInAppBrowser.m */; };
		4CEB6BF123644CF58DCB7FF2 /* CDVSound.m in Sources */ = {isa = PBXBuildFile; fileRef = E42E95A742A847EA8542D3D7 /* CDVSound.m */; };
		78B7782033F84172AAEB1BFA /* CDVStatusBar.m in Sources */ = {isa = PBXBuildFile; fileRef = 3A472D9987974AE68A92FD4F /* CDVStatusBar.m */; };
		1DD700147FB5476DA3CFB31B /* Toast+UIView.m in Sources */ = {isa = PBXBuildFile; fileRef = 042759C9C8A047B68AFC49D2 /* Toast+UIView.m */; };
		1B68BF94147A45319C3881DF /* Toast.m in Sources */ = {isa = PBXBuildFile; fileRef = 0DDC22F5A5384443A20378CF /* Toast.m */; };
		999D3D4C6F3545D098DAF55E /* QuartzCore.framework in Frameworks */ = {isa = PBXBuildFile; fileRef = DA49B2AF4FAE413996B1116C /* QuartzCore.framework */; };
		9560ECBE8F05409980CF40AE /* APPLocalNotification.m in Sources */ = {isa = PBXBuildFile; fileRef = BA3523A4445F4A79BC18C97D /* APPLocalNotification.m */; };
		A0FCA5EF13B945D8A7C845BE /* APPLocalNotificationOptions.m in Sources */ = {isa = PBXBuildFile; fileRef = 4FC530978EBF405088BBA760 /* APPLocalNotificationOptions.m */; };
		C2E431EE3F054A0FA7FD635A /* UIApplication+APPLocalNotification.m in Sources */ = {isa = PBXBuildFile; fileRef = 88836688094E4C6FB5327C2E /* UIApplication+APPLocalNotification.m */; };
		9016F6AF84AB4D08A0797B84 /* UILocalNotification+APPLocalNotification.m in Sources */ = {isa = PBXBuildFile; fileRef = 845FDC88E26948BB8805BE22 /* UILocalNotification+APPLocalNotification.m */; };
		22B0045FBDEC4A2E89769F5F /* BackgroundAudio.m in Sources */ = {isa = PBXBuildFile; fileRef = FF834A1D72AD4497AC390B0D /* BackgroundAudio.m */; };
/* End PBXBuildFile section */

/* Begin PBXContainerItemProxy section */
		301BF534109A57CC0062928A /* PBXContainerItemProxy */ = {
			isa = PBXContainerItemProxy;
			containerPortal = 301BF52D109A57CC0062928A /* CordovaLib.xcodeproj */;
			proxyType = 2;
			remoteGlobalIDString = D2AAC07E0554694100DB518D;
			remoteInfo = CordovaLib;
		};
		301BF550109A68C00062928A /* PBXContainerItemProxy */ = {
			isa = PBXContainerItemProxy;
			containerPortal = 301BF52D109A57CC0062928A /* CordovaLib.xcodeproj */;
			proxyType = 1;
			remoteGlobalIDString = D2AAC07D0554694100DB518D;
			remoteInfo = CordovaLib;
		};
/* End PBXContainerItemProxy section */

/* Begin PBXFileReference section */
		0207DA571B56EA530066E2B4 /* Images.xcassets */ = {isa = PBXFileReference; lastKnownFileType = folder.assetcatalog; name = Images.xcassets; path = "Nacional Rock/Images.xcassets"; sourceTree = SOURCE_ROOT; };
		1D3623240D0F684500981E51 /* AppDelegate.h */ = {isa = PBXFileReference; fileEncoding = 4; lastKnownFileType = sourcecode.c.h; path = AppDelegate.h; sourceTree = "<group>"; };
		1D3623250D0F684500981E51 /* AppDelegate.m */ = {isa = PBXFileReference; fileEncoding = 4; lastKnownFileType = sourcecode.c.objc; path = AppDelegate.m; sourceTree = "<group>"; };
		1D6058910D05DD3D006BFB54 /* Nacional Rock.app */ = {isa = PBXFileReference; explicitFileType = wrapper.application; includeInIndex = 0; path = "Nacional Rock.app"; sourceTree = BUILT_PRODUCTS_DIR; };
		29B97316FDCFA39411CA2CEA /* main.m */ = {isa = PBXFileReference; fileEncoding = 4; lastKnownFileType = sourcecode.c.objc; path = main.m; sourceTree = "<group>"; };
		301BF52D109A57CC0062928A /* CordovaLib.xcodeproj */ = {isa = PBXFileReference; lastKnownFileType = "wrapper.pb-project"; name = CordovaLib.xcodeproj; path = CordovaLib/CordovaLib.xcodeproj; sourceTree = "<group>"; };
		301BF56E109A69640062928A /* www */ = {isa = PBXFileReference; lastKnownFileType = folder; path = www; sourceTree = SOURCE_ROOT; };
		302D95EE14D2391D003F00A1 /* MainViewController.h */ = {isa = PBXFileReference; fileEncoding = 4; lastKnownFileType = sourcecode.c.h; path = MainViewController.h; sourceTree = "<group>"; };
		302D95EF14D2391D003F00A1 /* MainViewController.m */ = {isa = PBXFileReference; fileEncoding = 4; lastKnownFileType = sourcecode.c.objc; path = MainViewController.m; sourceTree = "<group>"; };
		302D95F014D2391D003F00A1 /* MainViewController.xib */ = {isa = PBXFileReference; fileEncoding = 4; lastKnownFileType = file.xib; path = MainViewController.xib; sourceTree = "<group>"; };
		3047A50F1AB8059700498E2A /* build-debug.xcconfig */ = {isa = PBXFileReference; fileEncoding = 4; lastKnownFileType = text.xcconfig; name = "build-debug.xcconfig"; path = cordova/build-debug.xcconfig; sourceTree = SOURCE_ROOT; };
		3047A5101AB8059700498E2A /* build-release.xcconfig */ = {isa = PBXFileReference; fileEncoding = 4; lastKnownFileType = text.xcconfig; name = "build-release.xcconfig"; path = cordova/build-release.xcconfig; sourceTree = SOURCE_ROOT; };
		3047A5111AB8059700498E2A /* build.xcconfig */ = {isa = PBXFileReference; fileEncoding = 4; lastKnownFileType = text.xcconfig; name = build.xcconfig; path = cordova/build.xcconfig; sourceTree = SOURCE_ROOT; };
		32CA4F630368D1EE00C91783 /* Nacional Rock-Prefix.pch */ = {isa = PBXFileReference; fileEncoding = 4; lastKnownFileType = sourcecode.c.h; path = "Nacional Rock-Prefix.pch"; sourceTree = "<group>"; };
		8D1107310486CEB800E47090 /* Nacional Rock-Info.plist */ = {isa = PBXFileReference; fileEncoding = 4; lastKnownFileType = text.plist.xml; name = "Nacional Rock-Info.plist"; path = "Nacional Rock/Nacional Rock-Info.plist"; plistStructureDefinitionIdentifier = "com.apple.xcode.plist.structure-definition.iphone.info-plist"; sourceTree = SOURCE_ROOT; };
		EB87FDF31871DA8E0020F90C /* www */ = {isa = PBXFileReference; lastKnownFileType = folder; name = www; path = ../../www; sourceTree = "<group>"; };
		EB87FDF41871DAF40020F90C /* config.xml */ = {isa = PBXFileReference; lastKnownFileType = text.xml; name = config.xml; path = ../../config.xml; sourceTree = "<group>"; };
		F840E1F0165FE0F500CFE078 /* config.xml */ = {isa = PBXFileReference; lastKnownFileType = text.xml; name = config.xml; path = "Nacional Rock/config.xml"; sourceTree = "<group>"; };
		ED33DF2A687741AEAF9F8254 /* Bridging-Header.h */ = {isa = PBXFileReference; fileEncoding = 4; lastKnownFileType = sourcecode.c.h; name = "Bridging-Header.h"; path = "Bridging-Header.h"; sourceTree = "<group>"; };
		828D105E47B44E33B97DDE0F /* AppDelegate+APPAppEvent.m */ = {isa = PBXFileReference; name = "AppDelegate+APPAppEvent.m"; path = "cordova-plugin-app-event/AppDelegate+APPAppEvent.m"; sourceTree = "<group>"; fileEncoding = 4; lastKnownFileType = sourcecode.c.objc; explicitFileType = undefined; includeInIndex = 0; };
		B67CA8A3DEE6449CA529A9BD /* CDVPlugin+APPAppEvent.m */ = {isa = PBXFileReference; name = "CDVPlugin+APPAppEvent.m"; path = "cordova-plugin-app-event/CDVPlugin+APPAppEvent.m"; sourceTree = "<group>"; fileEncoding = 4; lastKnownFileType = sourcecode.c.objc; explicitFileType = undefined; includeInIndex = 0; };
		3C5122B57A214476ACDBCA8D /* AppDelegate+APPAppEvent.h */ = {isa = PBXFileReference; name = "AppDelegate+APPAppEvent.h"; path = "cordova-plugin-app-event/AppDelegate+APPAppEvent.h"; sourceTree = "<group>"; fileEncoding = 4; lastKnownFileType = sourcecode.c.h; explicitFileType = undefined; includeInIndex = 0; };
		E2F20763D7644AC58641694F /* CDVPlugin+APPAppEvent.h */ = {isa = PBXFileReference; name = "CDVPlugin+APPAppEvent.h"; path = "cordova-plugin-app-event/CDVPlugin+APPAppEvent.h"; sourceTree = "<group>"; fileEncoding = 4; lastKnownFileType = sourcecode.c.h; explicitFileType = undefined; includeInIndex = 0; };
		C21BD61EF6174B728B9A049B /* APPAppEventDelegate.h */ = {isa = PBXFileReference; name = "APPAppEventDelegate.h"; path = "cordova-plugin-app-event/APPAppEventDelegate.h"; sourceTree = "<group>"; fileEncoding = 4; lastKnownFileType = sourcecode.c.h; explicitFileType = undefined; includeInIndex = 0; };
		385548204CF2496A8A72249D /* CDVDevice.m */ = {isa = PBXFileReference; name = "CDVDevice.m"; path = "cordova-plugin-device/CDVDevice.m"; sourceTree = "<group>"; fileEncoding = 4; lastKnownFileType = sourcecode.c.objc; explicitFileType = undefined; includeInIndex = 0; };
		0593C52F17024B7BABE0DB8E /* CDVDevice.h */ = {isa = PBXFileReference; name = "CDVDevice.h"; path = "cordova-plugin-device/CDVDevice.h"; sourceTree = "<group>"; fileEncoding = 4; lastKnownFileType = sourcecode.c.h; explicitFileType = undefined; includeInIndex = 0; };
		A75AF3798A4B474EAF416AB4 /* APPBackgroundMode.m */ = {isa = PBXFileReference; name = "APPBackgroundMode.m"; path = "cordova-plugin-background-mode/APPBackgroundMode.m"; sourceTree = "<group>"; fileEncoding = 4; lastKnownFileType = sourcecode.c.objc; explicitFileType = undefined; includeInIndex = 0; };
		9703785C52D047079BC5F782 /* APPBackgroundMode.h */ = {isa = PBXFileReference; name = "APPBackgroundMode.h"; path = "cordova-plugin-background-mode/APPBackgroundMode.h"; sourceTree = "<group>"; fileEncoding = 4; lastKnownFileType = sourcecode.c.h; explicitFileType = undefined; includeInIndex = 0; };
		9CB41C1334B14843ADB6110B /* appbeep.wav */ = {isa = PBXFileReference; name = "appbeep.wav"; path = "appbeep.wav"; sourceTree = "<group>"; fileEncoding = undefined; lastKnownFileType = unknown; explicitFileType = undefined; includeInIndex = 0; };
		BA146319B4794A4E98B7C757 /* CDVLogger.m */ = {isa = PBXFileReference; name = "CDVLogger.m"; path = "cordova-plugin-console/CDVLogger.m"; sourceTree = "<group>"; fileEncoding = 4; lastKnownFileType = sourcecode.c.objc; explicitFileType = undefined; includeInIndex = 0; };
		D410BF959AD242889DC41CD1 /* CDVLogger.h */ = {isa = PBXFileReference; name = "CDVLogger.h"; path = "cordova-plugin-console/CDVLogger.h"; sourceTree = "<group>"; fileEncoding = 4; lastKnownFileType = sourcecode.c.h; explicitFileType = undefined; includeInIndex = 0; };
		AFF429012130430EB2E541A9 /* CDVNotification.m */ = {isa = PBXFileReference; name = "CDVNotification.m"; path = "cordova-plugin-dialogs/CDVNotification.m"; sourceTree = "<group>"; fileEncoding = 4; lastKnownFileType = sourcecode.c.objc; explicitFileType = undefined; includeInIndex = 0; };
		F89A343B90644DD0B5140241 /* CDVNotification.h */ = {isa = PBXFileReference; name = "CDVNotification.h"; path = "cordova-plugin-dialogs/CDVNotification.h"; sourceTree = "<group>"; fileEncoding = 4; lastKnownFileType = sourcecode.c.h; explicitFileType = undefined; includeInIndex = 0; };
		4CF2E0FD70B9417889FBC8F7 /* CDVNotification.bundle */ = {isa = PBXFileReference; name = "CDVNotification.bundle"; path = "CDVNotification.bundle"; sourceTree = "<group>"; fileEncoding = undefined; lastKnownFileType = wrapper.plug-in; explicitFileType = undefined; includeInIndex = 0; };
		3263EFD11F224BFB99BD43EA /* AudioToolbox.framework */ = {isa = PBXFileReference; name = "AudioToolbox.framework"; path = "System/Library/Frameworks/AudioToolbox.framework"; sourceTree = SDKROOT; fileEncoding = undefined; lastKnownFileType = wrapper.framework; explicitFileType = undefined; includeInIndex = 0; };
		E533EEC37FB44CCBB1FE8575 /* CDVFile.m */ = {isa = PBXFileReference; name = "CDVFile.m"; path = "cordova-plugin-file/CDVFile.m"; sourceTree = "<group>"; fileEncoding = 4; lastKnownFileType = sourcecode.c.objc; explicitFileType = undefined; includeInIndex = 0; };
		E5AB47DE20C5491AAD564287 /* CDVLocalFilesystem.m */ = {isa = PBXFileReference; name = "CDVLocalFilesystem.m"; path = "cordova-plugin-file/CDVLocalFilesystem.m"; sourceTree = "<group>"; fileEncoding = 4; lastKnownFileType = sourcecode.c.objc; explicitFileType = undefined; includeInIndex = 0; };
		EFF67863079F46748B7CC8C4 /* CDVAssetLibraryFilesystem.m */ = {isa = PBXFileReference; name = "CDVAssetLibraryFilesystem.m"; path = "cordova-plugin-file/CDVAssetLibraryFilesystem.m"; sourceTree = "<group>"; fileEncoding = 4; lastKnownFileType = sourcecode.c.objc; explicitFileType = undefined; includeInIndex = 0; };
		FBA32DD9455C4D91A8A2255F /* CDVFile.h */ = {isa = PBXFileReference; name = "CDVFile.h"; path = "cordova-plugin-file/CDVFile.h"; sourceTree = "<group>"; fileEncoding = 4; lastKnownFileType = sourcecode.c.h; explicitFileType = undefined; includeInIndex = 0; };
		B11917A3CE0B4191A44D97C4 /* CDVLocalFilesystem.h */ = {isa = PBXFileReference; name = "CDVLocalFilesystem.h"; path = "cordova-plugin-file/CDVLocalFilesystem.h"; sourceTree = "<group>"; fileEncoding = 4; lastKnownFileType = sourcecode.c.h; explicitFileType = undefined; includeInIndex = 0; };
		CE2FC0BDC68541C2A9B20A8C /* CDVAssetLibraryFilesystem.h */ = {isa = PBXFileReference; name = "CDVAssetLibraryFilesystem.h"; path = "cordova-plugin-file/CDVAssetLibraryFilesystem.h"; sourceTree = "<group>"; fileEncoding = 4; lastKnownFileType = sourcecode.c.h; explicitFileType = undefined; includeInIndex = 0; };
		264BD24D87E049009FF30EFE /* CDVFileTransfer.m */ = {isa = PBXFileReference; name = "CDVFileTransfer.m"; path = "cordova-plugin-file-transfer/CDVFileTransfer.m"; sourceTree = "<group>"; fileEncoding = 4; lastKnownFileType = sourcecode.c.objc; explicitFileType = undefined; includeInIndex = 0; };
		99A1FFB33D624DB794767030 /* CDVFileTransfer.h */ = {isa = PBXFileReference; name = "CDVFileTransfer.h"; path = "cordova-plugin-file-transfer/CDVFileTransfer.h"; sourceTree = "<group>"; fileEncoding = 4; lastKnownFileType = sourcecode.c.h; explicitFileType = undefined; includeInIndex = 0; };
		AD12105805524B908CE3ACE1 /* CDVInAppBrowser.m */ = {isa = PBXFileReference; name = "CDVInAppBrowser.m"; path = "cordova-plugin-inappbrowser/CDVInAppBrowser.m"; sourceTree = "<group>"; fileEncoding = 4; lastKnownFileType = sourcecode.c.objc; explicitFileType = undefined; includeInIndex = 0; };
		889E815AF48247ADBA9AEEDB /* CDVInAppBrowser.h */ = {isa = PBXFileReference; name = "CDVInAppBrowser.h"; path = "cordova-plugin-inappbrowser/CDVInAppBrowser.h"; sourceTree = "<group>"; fileEncoding = 4; lastKnownFileType = sourcecode.c.h; explicitFileType = undefined; includeInIndex = 0; };
		E42E95A742A847EA8542D3D7 /* CDVSound.m */ = {isa = PBXFileReference; name = "CDVSound.m"; path = "cordova-plugin-media/CDVSound.m"; sourceTree = "<group>"; fileEncoding = 4; lastKnownFileType = sourcecode.c.objc; explicitFileType = undefined; includeInIndex = 0; };
		340A513C2FDA4154934E1B69 /* CDVSound.h */ = {isa = PBXFileReference; name = "CDVSound.h"; path = "cordova-plugin-media/CDVSound.h"; sourceTree = "<group>"; fileEncoding = 4; lastKnownFileType = sourcecode.c.h; explicitFileType = undefined; includeInIndex = 0; };
		3A472D9987974AE68A92FD4F /* CDVStatusBar.m */ = {isa = PBXFileReference; name = "CDVStatusBar.m"; path = "cordova-plugin-statusbar/CDVStatusBar.m"; sourceTree = "<group>"; fileEncoding = 4; lastKnownFileType = sourcecode.c.objc; explicitFileType = undefined; includeInIndex = 0; };
		D673C27BEE7C4341887B1714 /* CDVStatusBar.h */ = {isa = PBXFileReference; name = "CDVStatusBar.h"; path = "cordova-plugin-statusbar/CDVStatusBar.h"; sourceTree = "<group>"; fileEncoding = 4; lastKnownFileType = sourcecode.c.h; explicitFileType = undefined; includeInIndex = 0; };
		042759C9C8A047B68AFC49D2 /* Toast+UIView.m */ = {isa = PBXFileReference; name = "Toast+UIView.m"; path = "cordova-plugin-x-toast/Toast+UIView.m"; sourceTree = "<group>"; fileEncoding = 4; lastKnownFileType = sourcecode.c.objc; explicitFileType = undefined; includeInIndex = 0; };
		0DDC22F5A5384443A20378CF /* Toast.m */ = {isa = PBXFileReference; name = "Toast.m"; path = "cordova-plugin-x-toast/Toast.m"; sourceTree = "<group>"; fileEncoding = 4; lastKnownFileType = sourcecode.c.objc; explicitFileType = undefined; includeInIndex = 0; };
		530FF5402B5F403F840FCF79 /* Toast+UIView.h */ = {isa = PBXFileReference; name = "Toast+UIView.h"; path = "cordova-plugin-x-toast/Toast+UIView.h"; sourceTree = "<group>"; fileEncoding = 4; lastKnownFileType = sourcecode.c.h; explicitFileType = undefined; includeInIndex = 0; };
		46E692D1B0834649B9729CAC /* Toast.h */ = {isa = PBXFileReference; name = "Toast.h"; path = "cordova-plugin-x-toast/Toast.h"; sourceTree = "<group>"; fileEncoding = 4; lastKnownFileType = sourcecode.c.h; explicitFileType = undefined; includeInIndex = 0; };
		DA49B2AF4FAE413996B1116C /* QuartzCore.framework */ = {isa = PBXFileReference; name = "QuartzCore.framework"; path = "System/Library/Frameworks/QuartzCore.framework"; sourceTree = SDKROOT; fileEncoding = undefined; lastKnownFileType = wrapper.framework; explicitFileType = undefined; includeInIndex = 0; };
		BA3523A4445F4A79BC18C97D /* APPLocalNotification.m */ = {isa = PBXFileReference; name = "APPLocalNotification.m"; path = "de.appplant.cordova.plugin.local-notification/APPLocalNotification.m"; sourceTree = "<group>"; fileEncoding = 4; lastKnownFileType = sourcecode.c.objc; explicitFileType = undefined; includeInIndex = 0; };
		4FC530978EBF405088BBA760 /* APPLocalNotificationOptions.m */ = {isa = PBXFileReference; name = "APPLocalNotificationOptions.m"; path = "de.appplant.cordova.plugin.local-notification/APPLocalNotificationOptions.m"; sourceTree = "<group>"; fileEncoding = 4; lastKnownFileType = sourcecode.c.objc; explicitFileType = undefined; includeInIndex = 0; };
		88836688094E4C6FB5327C2E /* UIApplication+APPLocalNotification.m */ = {isa = PBXFileReference; name = "UIApplication+APPLocalNotification.m"; path = "de.appplant.cordova.plugin.local-notification/UIApplication+APPLocalNotification.m"; sourceTree = "<group>"; fileEncoding = 4; lastKnownFileType = sourcecode.c.objc; explicitFileType = undefined; includeInIndex = 0; };
		845FDC88E26948BB8805BE22 /* UILocalNotification+APPLocalNotification.m */ = {isa = PBXFileReference; name = "UILocalNotification+APPLocalNotification.m"; path = "de.appplant.cordova.plugin.local-notification/UILocalNotification+APPLocalNotification.m"; sourceTree = "<group>"; fileEncoding = 4; lastKnownFileType = sourcecode.c.objc; explicitFileType = undefined; includeInIndex = 0; };
		72824EBB87014B3191F63FC1 /* APPLocalNotification.h */ = {isa = PBXFileReference; name = "APPLocalNotification.h"; path = "de.appplant.cordova.plugin.local-notification/APPLocalNotification.h"; sourceTree = "<group>"; fileEncoding = 4; lastKnownFileType = sourcecode.c.h; explicitFileType = undefined; includeInIndex = 0; };
		751F971CE03444EEA777062E /* APPLocalNotificationOptions.h */ = {isa = PBXFileReference; name = "APPLocalNotificationOptions.h"; path = "de.appplant.cordova.plugin.local-notification/APPLocalNotificationOptions.h"; sourceTree = "<group>"; fileEncoding = 4; lastKnownFileType = sourcecode.c.h; explicitFileType = undefined; includeInIndex = 0; };
		44F25B03696548FEB942F8AE /* UIApplication+APPLocalNotification.h */ = {isa = PBXFileReference; name = "UIApplication+APPLocalNotification.h"; path = "de.appplant.cordova.plugin.local-notification/UIApplication+APPLocalNotification.h"; sourceTree = "<group>"; fileEncoding = 4; lastKnownFileType = sourcecode.c.h; explicitFileType = undefined; includeInIndex = 0; };
		3D10F7C409FE4964920CAF79 /* UILocalNotification+APPLocalNotification.h */ = {isa = PBXFileReference; name = "UILocalNotification+APPLocalNotification.h"; path = "de.appplant.cordova.plugin.local-notification/UILocalNotification+APPLocalNotification.h"; sourceTree = "<group>"; fileEncoding = 4; lastKnownFileType = sourcecode.c.h; explicitFileType = undefined; includeInIndex = 0; };
		FF834A1D72AD4497AC390B0D /* BackgroundAudio.m */ = {isa = PBXFileReference; name = "BackgroundAudio.m"; path = "nl.x-services.plugins.backgroundaudio/BackgroundAudio.m"; sourceTree = "<group>"; fileEncoding = 4; lastKnownFileType = sourcecode.c.objc; explicitFileType = undefined; includeInIndex = 0; };
		59C34243099148E0871C6FA4 /* BackgroundAudio.h */ = {isa = PBXFileReference; name = "BackgroundAudio.h"; path = "nl.x-services.plugins.backgroundaudio/BackgroundAudio.h"; sourceTree = "<group>"; fileEncoding = 4; lastKnownFileType = sourcecode.c.h; explicitFileType = undefined; includeInIndex = 0; };
/* End PBXFileReference section */

/* Begin PBXFrameworksBuildPhase section */
		1D60588F0D05DD3D006BFB54 /* Frameworks */ = {
			isa = PBXFrameworksBuildPhase;
			buildActionMask = 2147483647;
			files = (
				301BF552109A68D80062928A /* libCordova.a in Frameworks */,
				65355F09EF144DBEA9D02CB3 /* AudioToolbox.framework in Frameworks */,
				999D3D4C6F3545D098DAF55E /* QuartzCore.framework in Frameworks */,
			);
			runOnlyForDeploymentPostprocessing = 0;
		};
/* End PBXFrameworksBuildPhase section */

/* Begin PBXGroup section */
		080E96DDFE201D6D7F000001 /* Classes */ = {
			isa = PBXGroup;
			children = (
				302D95EE14D2391D003F00A1 /* MainViewController.h */,
				302D95EF14D2391D003F00A1 /* MainViewController.m */,
				302D95F014D2391D003F00A1 /* MainViewController.xib */,
				1D3623240D0F684500981E51 /* AppDelegate.h */,
				1D3623250D0F684500981E51 /* AppDelegate.m */,
			);
			name = Classes;
			path = "Nacional Rock/Classes";
			sourceTree = SOURCE_ROOT;
		};
		19C28FACFE9D520D11CA2CBB /* Products */ = {
			isa = PBXGroup;
			children = (
				1D6058910D05DD3D006BFB54 /* Nacional Rock.app */,
			);
			name = Products;
			sourceTree = "<group>";
		};
		29B97314FDCFA39411CA2CEA /* CustomTemplate */ = {
			isa = PBXGroup;
			children = (
				EB87FDF41871DAF40020F90C /* config.xml */,
				EB87FDF31871DA8E0020F90C /* www */,
				EB87FDF11871DA420020F90C /* Staging */,
				301BF52D109A57CC0062928A /* CordovaLib.xcodeproj */,
				080E96DDFE201D6D7F000001 /* Classes */,
				307C750510C5A3420062BCA9 /* Plugins */,
				29B97315FDCFA39411CA2CEA /* Other Sources */,
				29B97317FDCFA39411CA2CEA /* Resources */,
				29B97323FDCFA39411CA2CEA /* Frameworks */,
				19C28FACFE9D520D11CA2CBB /* Products */,
			);
			name = CustomTemplate;
			sourceTree = "<group>";
		};
		29B97315FDCFA39411CA2CEA /* Other Sources */ = {
			isa = PBXGroup;
			children = (
				32CA4F630368D1EE00C91783 /* Nacional Rock-Prefix.pch */,
				29B97316FDCFA39411CA2CEA /* main.m */,
				ED33DF2A687741AEAF9F8254 /* Bridging-Header.h */,
			);
			name = "Other Sources";
			path = "Nacional Rock";
			sourceTree = "<group>";
		};
		29B97317FDCFA39411CA2CEA /* Resources */ = {
			isa = PBXGroup;
			children = (
				0207DA571B56EA530066E2B4 /* Images.xcassets */,
				3047A50E1AB8057F00498E2A /* config */,
				8D1107310486CEB800E47090 /* Nacional Rock-Info.plist */,
				9CB41C1334B14843ADB6110B /* appbeep.wav */,
				4CF2E0FD70B9417889FBC8F7 /* CDVNotification.bundle */,
			);
			name = Resources;
			path = "Nacional Rock/Resources";
			sourceTree = "<group>";
		};
		29B97323FDCFA39411CA2CEA /* Frameworks */ = {
			isa = PBXGroup;
			children = (
				3263EFD11F224BFB99BD43EA /* AudioToolbox.framework */,
				DA49B2AF4FAE413996B1116C /* QuartzCore.framework */,
			);
			name = Frameworks;
			sourceTree = "<group>";
		};
		301BF52E109A57CC0062928A /* Products */ = {
			isa = PBXGroup;
			children = (
				301BF535109A57CC0062928A /* libCordova.a */,
			);
			name = Products;
			sourceTree = "<group>";
		};
		3047A50E1AB8057F00498E2A /* config */ = {
			isa = PBXGroup;
			children = (
				3047A50F1AB8059700498E2A /* build-debug.xcconfig */,
				3047A5101AB8059700498E2A /* build-release.xcconfig */,
				3047A5111AB8059700498E2A /* build.xcconfig */,
			);
			name = config;
			sourceTree = "<group>";
		};
		307C750510C5A3420062BCA9 /* Plugins */ = {
			isa = PBXGroup;
			children = (
				828D105E47B44E33B97DDE0F /* AppDelegate+APPAppEvent.m */,
				B67CA8A3DEE6449CA529A9BD /* CDVPlugin+APPAppEvent.m */,
				3C5122B57A214476ACDBCA8D /* AppDelegate+APPAppEvent.h */,
				E2F20763D7644AC58641694F /* CDVPlugin+APPAppEvent.h */,
				C21BD61EF6174B728B9A049B /* APPAppEventDelegate.h */,
				385548204CF2496A8A72249D /* CDVDevice.m */,
				0593C52F17024B7BABE0DB8E /* CDVDevice.h */,
				A75AF3798A4B474EAF416AB4 /* APPBackgroundMode.m */,
				9703785C52D047079BC5F782 /* APPBackgroundMode.h */,
				BA146319B4794A4E98B7C757 /* CDVLogger.m */,
				D410BF959AD242889DC41CD1 /* CDVLogger.h */,
				AFF429012130430EB2E541A9 /* CDVNotification.m */,
				F89A343B90644DD0B5140241 /* CDVNotification.h */,
				E533EEC37FB44CCBB1FE8575 /* CDVFile.m */,
				E5AB47DE20C5491AAD564287 /* CDVLocalFilesystem.m */,
				EFF67863079F46748B7CC8C4 /* CDVAssetLibraryFilesystem.m */,
				FBA32DD9455C4D91A8A2255F /* CDVFile.h */,
				B11917A3CE0B4191A44D97C4 /* CDVLocalFilesystem.h */,
				CE2FC0BDC68541C2A9B20A8C /* CDVAssetLibraryFilesystem.h */,
				264BD24D87E049009FF30EFE /* CDVFileTransfer.m */,
				99A1FFB33D624DB794767030 /* CDVFileTransfer.h */,
				AD12105805524B908CE3ACE1 /* CDVInAppBrowser.m */,
				889E815AF48247ADBA9AEEDB /* CDVInAppBrowser.h */,
				E42E95A742A847EA8542D3D7 /* CDVSound.m */,
				340A513C2FDA4154934E1B69 /* CDVSound.h */,
				3A472D9987974AE68A92FD4F /* CDVStatusBar.m */,
				D673C27BEE7C4341887B1714 /* CDVStatusBar.h */,
				042759C9C8A047B68AFC49D2 /* Toast+UIView.m */,
				0DDC22F5A5384443A20378CF /* Toast.m */,
				530FF5402B5F403F840FCF79 /* Toast+UIView.h */,
				46E692D1B0834649B9729CAC /* Toast.h */,
				BA3523A4445F4A79BC18C97D /* APPLocalNotification.m */,
				4FC530978EBF405088BBA760 /* APPLocalNotificationOptions.m */,
				88836688094E4C6FB5327C2E /* UIApplication+APPLocalNotification.m */,
				845FDC88E26948BB8805BE22 /* UILocalNotification+APPLocalNotification.m */,
				72824EBB87014B3191F63FC1 /* APPLocalNotification.h */,
				751F971CE03444EEA777062E /* APPLocalNotificationOptions.h */,
				44F25B03696548FEB942F8AE /* UIApplication+APPLocalNotification.h */,
				3D10F7C409FE4964920CAF79 /* UILocalNotification+APPLocalNotification.h */,
				FF834A1D72AD4497AC390B0D /* BackgroundAudio.m */,
				59C34243099148E0871C6FA4 /* BackgroundAudio.h */,
			);
			name = Plugins;
			path = "Nacional Rock/Plugins";
			sourceTree = SOURCE_ROOT;
		};
		EB87FDF11871DA420020F90C /* Staging */ = {
			isa = PBXGroup;
			children = (
				F840E1F0165FE0F500CFE078 /* config.xml */,
				301BF56E109A69640062928A /* www */,
			);
			name = Staging;
			sourceTree = "<group>";
		};
/* End PBXGroup section */

/* Begin PBXNativeTarget section */
		1D6058900D05DD3D006BFB54 /* Nacional Rock */ = {
			isa = PBXNativeTarget;
			buildConfigurationList = 1D6058960D05DD3E006BFB54 /* Build configuration list for PBXNativeTarget "Nacional Rock" */;
			buildPhases = (
				304B58A110DAC018002A0835 /* Copy www directory */,
				1D60588D0D05DD3D006BFB54 /* Resources */,
				1D60588E0D05DD3D006BFB54 /* Sources */,
				1D60588F0D05DD3D006BFB54 /* Frameworks */,
			);
			buildRules = (
			);
			dependencies = (
				301BF551109A68C00062928A /* PBXTargetDependency */,
			);
			name = "Nacional Rock";
			productName = "Nacional Rock";
			productReference = 1D6058910D05DD3D006BFB54 /* Nacional Rock.app */;
			productType = "com.apple.product-type.application";
		};
/* End PBXNativeTarget section */

/* Begin PBXProject section */
		29B97313FDCFA39411CA2CEA /* Project object */ = {
			isa = PBXProject;
			attributes = {
				LastUpgradeCheck = 510;
			};
			buildConfigurationList = C01FCF4E08A954540054247B /* Build configuration list for PBXProject "__NON-CLI__" */;
			compatibilityVersion = "Xcode 3.2";
			developmentRegion = English;
			hasScannedForEncodings = 1;
			mainGroup = 29B97314FDCFA39411CA2CEA /* CustomTemplate */;
			projectDirPath = "";
			projectReferences = (
				{
					ProductGroup = 301BF52E109A57CC0062928A /* Products */;
					ProjectRef = 301BF52D109A57CC0062928A /* CordovaLib.xcodeproj */;
				},
			);
			projectRoot = "";
			targets = (
				1D6058900D05DD3D006BFB54 /* Nacional Rock */,
			);
		};
/* End PBXProject section */

/* Begin PBXReferenceProxy section */
		301BF535109A57CC0062928A /* libCordova.a */ = {
			isa = PBXReferenceProxy;
			fileType = archive.ar;
			path = libCordova.a;
			remoteRef = 301BF534109A57CC0062928A /* PBXContainerItemProxy */;
			sourceTree = BUILT_PRODUCTS_DIR;
		};
/* End PBXReferenceProxy section */

/* Begin PBXResourcesBuildPhase section */
		1D60588D0D05DD3D006BFB54 /* Resources */ = {
			isa = PBXResourcesBuildPhase;
			buildActionMask = 2147483647;
			files = (
				302D95F214D2391D003F00A1 /* MainViewController.xib in Resources */,
				3047A5131AB8059700498E2A /* build-release.xcconfig in Resources */,
				3047A5141AB8059700498E2A /* build.xcconfig in Resources */,
				0207DA581B56EA530066E2B4 /* Images.xcassets in Resources */,
				3047A5121AB8059700498E2A /* build-debug.xcconfig in Resources */,
				14FB3AB5BE0F4ED6AE018010 /* appbeep.wav in Resources */,
				D012ACD3949642AEA734C237 /* CDVNotification.bundle in Resources */,
			);
			runOnlyForDeploymentPostprocessing = 0;
		};
/* End PBXResourcesBuildPhase section */

/* Begin PBXShellScriptBuildPhase section */
		304B58A110DAC018002A0835 /* Copy www directory */ = {
			isa = PBXShellScriptBuildPhase;
			buildActionMask = 2147483647;
			files = (
			);
			inputPaths = (
			);
			name = "Copy www directory";
			outputPaths = (
			);
			runOnlyForDeploymentPostprocessing = 0;
			shellPath = /bin/sh;
			shellScript = "NODEJS_PATH=/usr/local/bin; NVM_NODE_PATH=~/.nvm/versions/node/`nvm version 2>/dev/null`/bin; N_NODE_PATH=`find /usr/local/n/versions/node/* -maxdepth 0 -type d 2>/dev/null | tail -1`/bin; XCODE_NODE_PATH=`xcode-select --print-path`/usr/share/xcs/Node/bin; PATH=$NODEJS_PATH:$NVM_NODE_PATH:$N_NODE_PATH:$XCODE_NODE_PATH:$PATH && node cordova/lib/copy-www-build-step.js";
			showEnvVarsInLog = 0;
		};
/* End PBXShellScriptBuildPhase section */

/* Begin PBXSourcesBuildPhase section */
		1D60588E0D05DD3D006BFB54 /* Sources */ = {
			isa = PBXSourcesBuildPhase;
			buildActionMask = 2147483647;
			files = (
				1D60589B0D05DD56006BFB54 /* main.m in Sources */,
				1D3623260D0F684500981E51 /* AppDelegate.m in Sources */,
				302D95F114D2391D003F00A1 /* MainViewController.m in Sources */,
				45775194305D49A985262C03 /* AppDelegate+APPAppEvent.m in Sources */,
				5FFBD2276F424DE591E3DF79 /* CDVPlugin+APPAppEvent.m in Sources */,
				8F4218D3EA3440D98542E662 /* CDVDevice.m in Sources */,
				5A244D84C86E4E04842F8BF7 /* APPBackgroundMode.m in Sources */,
				D9053F1BAD8C4E188828F9D1 /* CDVLogger.m in Sources */,
				EE972F5792EB4542872C3AE4 /* CDVNotification.m in Sources */,
				4DBB1BEB6E2547CAA5568B0B /* CDVFile.m in Sources */,
				34D71C8D87E64F9BA01F6C60 /* CDVLocalFilesystem.m in Sources */,
				A060BF97B8CA44408B54329B /* CDVAssetLibraryFilesystem.m in Sources */,
				AE4C3CD335F540E69CCB4982 /* CDVFileTransfer.m in Sources */,
				25CEBB2C3F7D48AFA5005837 /* CDVInAppBrowser.m in Sources */,
				4CEB6BF123644CF58DCB7FF2 /* CDVSound.m in Sources */,
				78B7782033F84172AAEB1BFA /* CDVStatusBar.m in Sources */,
				1DD700147FB5476DA3CFB31B /* Toast+UIView.m in Sources */,
				1B68BF94147A45319C3881DF /* Toast.m in Sources */,
				9560ECBE8F05409980CF40AE /* APPLocalNotification.m in Sources */,
				A0FCA5EF13B945D8A7C845BE /* APPLocalNotificationOptions.m in Sources */,
				C2E431EE3F054A0FA7FD635A /* UIApplication+APPLocalNotification.m in Sources */,
				9016F6AF84AB4D08A0797B84 /* UILocalNotification+APPLocalNotification.m in Sources */,
				22B0045FBDEC4A2E89769F5F /* BackgroundAudio.m in Sources */,
			);
			runOnlyForDeploymentPostprocessing = 0;
		};
/* End PBXSourcesBuildPhase section */

/* Begin PBXTargetDependency section */
		301BF551109A68C00062928A /* PBXTargetDependency */ = {
			isa = PBXTargetDependency;
			name = CordovaLib;
			targetProxy = 301BF550109A68C00062928A /* PBXContainerItemProxy */;
		};
/* End PBXTargetDependency section */

/* Begin XCBuildConfiguration section */
		1D6058940D05DD3E006BFB54 /* Debug */ = {
			isa = XCBuildConfiguration;
			baseConfigurationReference = 3047A50F1AB8059700498E2A /* build-debug.xcconfig */;
			buildSettings = {
				ALWAYS_SEARCH_USER_PATHS = NO;
				ASSETCATALOG_COMPILER_APPICON_NAME = AppIcon;
				ASSETCATALOG_COMPILER_LAUNCHIMAGE_NAME = LaunchImage;
				CLANG_ENABLE_MODULES = YES;
				CLANG_ENABLE_OBJC_ARC = YES;
				COPY_PHASE_STRIP = NO;
				GCC_DYNAMIC_NO_PIC = NO;
				GCC_OPTIMIZATION_LEVEL = 0;
				GCC_PRECOMPILE_PREFIX_HEADER = YES;
				GCC_PREFIX_HEADER = "Nacional Rock/Nacional Rock-Prefix.pch";
				GCC_THUMB_SUPPORT = NO;
				GCC_VERSION = "";
				INFOPLIST_FILE = "Nacional Rock/Nacional Rock-Info.plist";
				LD_RUNPATH_SEARCH_PATHS = "@executable_path/Frameworks";
				PRODUCT_NAME = "Nacional Rock";
				IPHONEOS_DEPLOYMENT_TARGET = 7.0;
			};
			name = Debug;
		};
		1D6058950D05DD3E006BFB54 /* Release */ = {
			isa = XCBuildConfiguration;
			baseConfigurationReference = 3047A5101AB8059700498E2A /* build-release.xcconfig */;
			buildSettings = {
				ALWAYS_SEARCH_USER_PATHS = NO;
				ASSETCATALOG_COMPILER_APPICON_NAME = AppIcon;
				ASSETCATALOG_COMPILER_LAUNCHIMAGE_NAME = LaunchImage;
				CLANG_ENABLE_MODULES = YES;
				CLANG_ENABLE_OBJC_ARC = YES;
				COPY_PHASE_STRIP = YES;
				GCC_PRECOMPILE_PREFIX_HEADER = YES;
				GCC_PREFIX_HEADER = "Nacional Rock/Nacional Rock-Prefix.pch";
				GCC_THUMB_SUPPORT = NO;
				GCC_VERSION = "";
				INFOPLIST_FILE = "Nacional Rock/Nacional Rock-Info.plist";
				PRODUCT_NAME = "Nacional Rock";
				IPHONEOS_DEPLOYMENT_TARGET = 7.0;
			};
			name = Release;
		};
		C01FCF4F08A954540054247B /* Debug */ = {
			isa = XCBuildConfiguration;
			baseConfigurationReference = 3047A5111AB8059700498E2A /* build.xcconfig */;
			buildSettings = {
				CLANG_ENABLE_MODULES = YES;
				CLANG_ENABLE_OBJC_ARC = YES;
				CLANG_WARN_BOOL_CONVERSION = YES;
				CLANG_WARN_CONSTANT_CONVERSION = YES;
				CLANG_WARN_EMPTY_BODY = YES;
				CLANG_WARN_ENUM_CONVERSION = YES;
				CLANG_WARN_INT_CONVERSION = YES;
				CLANG_WARN__DUPLICATE_METHOD_MATCH = YES;
				GCC_C_LANGUAGE_STANDARD = c99;
				GCC_THUMB_SUPPORT = NO;
				GCC_VERSION = "";
				GCC_WARN_ABOUT_RETURN_TYPE = YES;
				GCC_WARN_UNDECLARED_SELECTOR = YES;
				GCC_WARN_UNINITIALIZED_AUTOS = YES;
				GCC_WARN_UNUSED_FUNCTION = YES;
				GCC_WARN_UNUSED_VARIABLE = YES;
				ONLY_ACTIVE_ARCH = YES;
				SDKROOT = iphoneos;
				SKIP_INSTALL = NO;
				IPHONEOS_DEPLOYMENT_TARGET = 7.0;
			};
			name = Debug;
		};
		C01FCF5008A954540054247B /* Release */ = {
			isa = XCBuildConfiguration;
			baseConfigurationReference = 3047A5111AB8059700498E2A /* build.xcconfig */;
			buildSettings = {
				CLANG_ENABLE_MODULES = YES;
				CLANG_ENABLE_OBJC_ARC = YES;
				CLANG_WARN_BOOL_CONVERSION = YES;
				CLANG_WARN_CONSTANT_CONVERSION = YES;
				CLANG_WARN_EMPTY_BODY = YES;
				CLANG_WARN_ENUM_CONVERSION = YES;
				CLANG_WARN_INT_CONVERSION = YES;
				CLANG_WARN__DUPLICATE_METHOD_MATCH = YES;
				GCC_C_LANGUAGE_STANDARD = c99;
				GCC_THUMB_SUPPORT = NO;
				GCC_VERSION = "";
				GCC_WARN_ABOUT_RETURN_TYPE = YES;
				GCC_WARN_UNDECLARED_SELECTOR = YES;
				GCC_WARN_UNINITIALIZED_AUTOS = YES;
				GCC_WARN_UNUSED_FUNCTION = YES;
				GCC_WARN_UNUSED_VARIABLE = YES;
				SDKROOT = iphoneos;
				SKIP_INSTALL = NO;
				IPHONEOS_DEPLOYMENT_TARGET = 7.0;
			};
			name = Release;
		};
/* End XCBuildConfiguration section */

/* Begin XCConfigurationList section */
		1D6058960D05DD3E006BFB54 /* Build configuration list for PBXNativeTarget "Nacional Rock" */ = {
			isa = XCConfigurationList;
			buildConfigurations = (
				1D6058940D05DD3E006BFB54 /* Debug */,
				1D6058950D05DD3E006BFB54 /* Release */,
			);
			defaultConfigurationIsVisible = 0;
			defaultConfigurationName = Release;
		};
		C01FCF4E08A954540054247B /* Build configuration list for PBXProject "__NON-CLI__" */ = {
			isa = XCConfigurationList;
			buildConfigurations = (
				C01FCF4F08A954540054247B /* Debug */,
				C01FCF5008A954540054247B /* Release */,
			);
			defaultConfigurationIsVisible = 0;
			defaultConfigurationName = Release;
		};
/* End XCConfigurationList section */
	};
	rootObject = 29B97313FDCFA39411CA2CEA /* Project object */;
}
